
Microsoft Visual Studio Solution File, Format Version 12.00
# Visual Studio 15
VisualStudioVersion = 15.0.28307.136
MinimumVisualStudioVersion = 10.0.40219.1
Project("{FAE04EC0-301F-11D3-BF4B-00C04F79EFBC}") = "DownloadFileAPM", "DownloadFileAPM\DownloadFileAPM.csproj", "{72F669BE-D07C-46CE-98B7-BF12442BA2F4}"
EndProject
Project("{FAE04EC0-301F-11D3-BF4B-00C04F79EFBC}") = "DownloadAPMDelegate", "DownloadAPMDelegate\DownloadAPMDelegate.csproj", "{912680D2-0EFB-422D-A97E-A1DC15E817DC}"
EndProject
Project("{2150E333-8FDC-42A3-9474-1A3956D46DE8}") = "APM异步(Asynchronous Programming Model)", "APM异步(Asynchronous Programming Model)", "{262B76DB-4DC9-4CCD-BB3B-A369C5C5717C}"
EndProject
Project("{2150E333-8FDC-42A3-9474-1A3956D46DE8}") = "EAP异步（Event-based Asynchronous Pattern）", "EAP异步（Event-based Asynchronous Pattern）", "{F623A9C9-62B8-4703-8289-74339CB6CCA3}"
EndProject
Project("{2150E333-8FDC-42A3-9474-1A3956D46DE8}") = "TAP异步（Task-based Asynchronous Pattern)", "TAP异步（Task-based Asynchronous Pattern)", "{6D3DFFF1-49D3-44E4-864C-285D0CAF9C84}"
EndProject
Project("{FAE04EC0-301F-11D3-BF4B-00C04F79EFBC}") = "DownloadTAP", "DownloadTAP\DownloadTAP.csproj", "{4A3786CF-0899-4900-BB52-55DE45F27138}"
EndProject
Project("{2150E333-8FDC-42A3-9474-1A3956D46DE8}") = "Async和await异步", "Async和await异步", "{C28F32B3-33D4-4E4C-BC0C-84BB9EDD932C}"
EndProject
Project("{FAE04EC0-301F-11D3-BF4B-00C04F79EFBC}") = "Async_Await_Synchronous", "Async_Await\Async_Await_Synchronous.csproj", "{2DD9C12B-7385-4013-80CD-8EBE9257D95A}"
EndProject
Project("{FAE04EC0-301F-11D3-BF4B-00C04F79EFBC}") = "Async_Await_APM", "Async_Await_APM\Async_Await_APM.csproj", "{A9C6FC2F-482A-4570-AE0C-FBD266A7D2EF}"
EndProject
Project("{FAE04EC0-301F-11D3-BF4B-00C04F79EFBC}") = "Async_Await_AsAwMethod", "Async_Await_AsAwMethod\Async_Await_AsAwMethod.csproj", "{A2585E20-26FC-4165-BB2B-C79C3CC75031}"
EndProject
Project("{2150E333-8FDC-42A3-9474-1A3956D46DE8}") = "_1.异步编程基础", "_1.异步编程基础", "{3D4C7D1A-23C1-4751-85EC-3FBB1ABC5763}"
	ProjectSection(SolutionItems) = preProject
		1异步编程基础.txt = 1异步编程基础.txt
	EndProjectSection
EndProject
Project("{FAE04EC0-301F-11D3-BF4B-00C04F79EFBC}") = "AsyncBase1_1", "AsyncBase1_1\AsyncBase1_1.csproj", "{C5A72F2B-B192-4A04-94FC-60157FEF6D80}"
EndProject
Project("{FAE04EC0-301F-11D3-BF4B-00C04F79EFBC}") = "AsyncBase1_2", "AsyncBase1_2\AsyncBase1_2.csproj", "{6B84038E-9121-4832-9AAA-D39E26A7D591}"
EndProject
Project("{FAE04EC0-301F-11D3-BF4B-00C04F79EFBC}") = "AsyncBase1_3", "AsyncBase1_3\AsyncBase1_3.csproj", "{38F28B0D-38DA-4F77-A0C8-32E7F640B225}"
EndProject
Project("{2150E333-8FDC-42A3-9474-1A3956D46DE8}") = "_2异步编程：使用线程池管理线程", "_2异步编程：使用线程池管理线程", "{38394120-83D2-441D-8474-AF72CF6EA1E8}"
	ProjectSection(SolutionItems) = preProject
		2异步编程：使用线程池管理线程.md = 2异步编程：使用线程池管理线程.md
	EndProjectSection
EndProject
Project("{FAE04EC0-301F-11D3-BF4B-00C04F79EFBC}") = "AsyncThreadPool2_1", "AsyncThreadPool2_1\AsyncThreadPool2_1.csproj", "{A1A29B1F-BB88-4D1F-919C-3FE4DAE43504}"
EndProject
Project("{FAE04EC0-301F-11D3-BF4B-00C04F79EFBC}") = "AsyncThreadPoolContextChg2_2", "AsyncThreadPoolContextChg2_2\AsyncThreadPoolContextChg2_2.csproj", "{5721E12B-8BA6-40DF-81CA-336E455B7D62}"
EndProject
Project("{2150E333-8FDC-42A3-9474-1A3956D46DE8}") = "_3线程同步基元对象", "_3线程同步基元对象", "{ABD2E3F4-58C8-4806-9436-EE96226B4B57}"
	ProjectSection(SolutionItems) = preProject
		3线程同步基元对象.md = 3线程同步基元对象.md
	EndProjectSection
EndProject
Project("{2150E333-8FDC-42A3-9474-1A3956D46DE8}") = "NewFolder2", "NewFolder2", "{93AE7CB7-D738-47BC-9AC3-51DBF28A0EB4}"
EndProject
Project("{FAE04EC0-301F-11D3-BF4B-00C04F79EFBC}") = "AsyncDoubleCheckLocking3_1", "AsyncDoubleCheckLocking3_1\AsyncDoubleCheckLocking3_1.csproj", "{EB07C231-6F4C-46B7-BEE4-E11C16386649}"
EndProject
Project("{FAE04EC0-301F-11D3-BF4B-00C04F79EFBC}") = "AsyncDoubleCheckLocking3_2", "AsyncDoubleCheckLocking3_2\AsyncDoubleCheckLocking3_2.csproj", "{97EE866D-6159-4AC6-99D9-9BB2AD6ED7C5}"
EndProject
Project("{FAE04EC0-301F-11D3-BF4B-00C04F79EFBC}") = "AsyncAttribute3_3", "AsyncAttribute3_3\AsyncAttribute3_3.csproj", "{0A61B001-1E3F-4809-B822-FEE46EED5E58}"
EndProject
Project("{FAE04EC0-301F-11D3-BF4B-00C04F79EFBC}") = "AsyncAttribute3_4", "AsyncAttribute3_4\AsyncAttribute3_4.csproj", "{FE7CB4B9-E98A-4F50-BA4B-52FB7230292D}"
EndProject
Project("{FAE04EC0-301F-11D3-BF4B-00C04F79EFBC}") = "AsyncInterlocked3_5", "AsyncInterlocked3_5\AsyncInterlocked3_5.csproj", "{AE9C43EE-2646-4A65-9881-DF2003BE6E2C}"
EndProject
Project("{2150E333-8FDC-42A3-9474-1A3956D46DE8}") = "_4异步编程：轻量级线程同步基元对象", "_4异步编程：轻量级线程同步基元对象", "{FEF21117-3BB5-4BD8-BEF7-D22EF4F1CC71}"
	ProjectSection(SolutionItems) = preProject
		4异步编程：轻量级线程同步基元对象.md = 4异步编程：轻量级线程同步基元对象.md
	EndProjectSection
EndProject
Project("{FAE04EC0-301F-11D3-BF4B-00C04F79EFBC}") = "AsyncCancellationToken4_1", "AsyncCancellationToken4_1\AsyncCancellationToken4_1.csproj", "{F805FC01-3209-4E77-A6A6-91FEBAA2A40F}"
EndProject
Project("{FAE04EC0-301F-11D3-BF4B-00C04F79EFBC}") = "AsyncManualResetEventSlim4_2", "AsyncManualResetEventSlim4_2\AsyncManualResetEventSlim4_2.csproj", "{62311573-BEF8-4816-8FE6-DC41B1A65E16}"
EndProject
Project("{FAE04EC0-301F-11D3-BF4B-00C04F79EFBC}") = "AsyncCountdownEvent4_3", "AsyncCountdownEvent4_3\AsyncCountdownEvent4_3.csproj", "{DE6DE954-0C2D-45B4-BDBB-CE8BCE77E682}"
EndProject
Project("{FAE04EC0-301F-11D3-BF4B-00C04F79EFBC}") = "AsyncBarrier4_4", "AsyncBarrier4_4\AsyncBarrier4_4.csproj", "{0A9E57AA-E30F-4926-8E9A-AF5FBC81C51D}"
EndProject
Global
	GlobalSection(SolutionConfigurationPlatforms) = preSolution
		Debug|Any CPU = Debug|Any CPU
		Release|Any CPU = Release|Any CPU
	EndGlobalSection
	GlobalSection(ProjectConfigurationPlatforms) = postSolution
		{72F669BE-D07C-46CE-98B7-BF12442BA2F4}.Debug|Any CPU.ActiveCfg = Debug|Any CPU
		{72F669BE-D07C-46CE-98B7-BF12442BA2F4}.Debug|Any CPU.Build.0 = Debug|Any CPU
		{72F669BE-D07C-46CE-98B7-BF12442BA2F4}.Release|Any CPU.ActiveCfg = Release|Any CPU
		{72F669BE-D07C-46CE-98B7-BF12442BA2F4}.Release|Any CPU.Build.0 = Release|Any CPU
		{912680D2-0EFB-422D-A97E-A1DC15E817DC}.Debug|Any CPU.ActiveCfg = Debug|Any CPU
		{912680D2-0EFB-422D-A97E-A1DC15E817DC}.Debug|Any CPU.Build.0 = Debug|Any CPU
		{912680D2-0EFB-422D-A97E-A1DC15E817DC}.Release|Any CPU.ActiveCfg = Release|Any CPU
		{912680D2-0EFB-422D-A97E-A1DC15E817DC}.Release|Any CPU.Build.0 = Release|Any CPU
		{4A3786CF-0899-4900-BB52-55DE45F27138}.Debug|Any CPU.ActiveCfg = Debug|Any CPU
		{4A3786CF-0899-4900-BB52-55DE45F27138}.Debug|Any CPU.Build.0 = Debug|Any CPU
		{4A3786CF-0899-4900-BB52-55DE45F27138}.Release|Any CPU.ActiveCfg = Release|Any CPU
		{4A3786CF-0899-4900-BB52-55DE45F27138}.Release|Any CPU.Build.0 = Release|Any CPU
		{2DD9C12B-7385-4013-80CD-8EBE9257D95A}.Debug|Any CPU.ActiveCfg = Debug|Any CPU
		{2DD9C12B-7385-4013-80CD-8EBE9257D95A}.Debug|Any CPU.Build.0 = Debug|Any CPU
		{2DD9C12B-7385-4013-80CD-8EBE9257D95A}.Release|Any CPU.ActiveCfg = Release|Any CPU
		{2DD9C12B-7385-4013-80CD-8EBE9257D95A}.Release|Any CPU.Build.0 = Release|Any CPU
		{A9C6FC2F-482A-4570-AE0C-FBD266A7D2EF}.Debug|Any CPU.ActiveCfg = Debug|Any CPU
		{A9C6FC2F-482A-4570-AE0C-FBD266A7D2EF}.Debug|Any CPU.Build.0 = Debug|Any CPU
		{A9C6FC2F-482A-4570-AE0C-FBD266A7D2EF}.Release|Any CPU.ActiveCfg = Release|Any CPU
		{A9C6FC2F-482A-4570-AE0C-FBD266A7D2EF}.Release|Any CPU.Build.0 = Release|Any CPU
		{A2585E20-26FC-4165-BB2B-C79C3CC75031}.Debug|Any CPU.ActiveCfg = Debug|Any CPU
		{A2585E20-26FC-4165-BB2B-C79C3CC75031}.Debug|Any CPU.Build.0 = Debug|Any CPU
		{A2585E20-26FC-4165-BB2B-C79C3CC75031}.Release|Any CPU.ActiveCfg = Release|Any CPU
		{A2585E20-26FC-4165-BB2B-C79C3CC75031}.Release|Any CPU.Build.0 = Release|Any CPU
		{C5A72F2B-B192-4A04-94FC-60157FEF6D80}.Debug|Any CPU.ActiveCfg = Debug|Any CPU
		{C5A72F2B-B192-4A04-94FC-60157FEF6D80}.Debug|Any CPU.Build.0 = Debug|Any CPU
		{C5A72F2B-B192-4A04-94FC-60157FEF6D80}.Release|Any CPU.ActiveCfg = Release|Any CPU
		{C5A72F2B-B192-4A04-94FC-60157FEF6D80}.Release|Any CPU.Build.0 = Release|Any CPU
		{6B84038E-9121-4832-9AAA-D39E26A7D591}.Debug|Any CPU.ActiveCfg = Debug|Any CPU
		{6B84038E-9121-4832-9AAA-D39E26A7D591}.Debug|Any CPU.Build.0 = Debug|Any CPU
		{6B84038E-9121-4832-9AAA-D39E26A7D591}.Release|Any CPU.ActiveCfg = Release|Any CPU
		{6B84038E-9121-4832-9AAA-D39E26A7D591}.Release|Any CPU.Build.0 = Release|Any CPU
		{38F28B0D-38DA-4F77-A0C8-32E7F640B225}.Debug|Any CPU.ActiveCfg = Debug|Any CPU
		{38F28B0D-38DA-4F77-A0C8-32E7F640B225}.Debug|Any CPU.Build.0 = Debug|Any CPU
		{38F28B0D-38DA-4F77-A0C8-32E7F640B225}.Release|Any CPU.ActiveCfg = Release|Any CPU
		{38F28B0D-38DA-4F77-A0C8-32E7F640B225}.Release|Any CPU.Build.0 = Release|Any CPU
		{A1A29B1F-BB88-4D1F-919C-3FE4DAE43504}.Debug|Any CPU.ActiveCfg = Debug|Any CPU
		{A1A29B1F-BB88-4D1F-919C-3FE4DAE43504}.Debug|Any CPU.Build.0 = Debug|Any CPU
		{A1A29B1F-BB88-4D1F-919C-3FE4DAE43504}.Release|Any CPU.ActiveCfg = Release|Any CPU
		{A1A29B1F-BB88-4D1F-919C-3FE4DAE43504}.Release|Any CPU.Build.0 = Release|Any CPU
		{5721E12B-8BA6-40DF-81CA-336E455B7D62}.Debug|Any CPU.ActiveCfg = Debug|Any CPU
		{5721E12B-8BA6-40DF-81CA-336E455B7D62}.Debug|Any CPU.Build.0 = Debug|Any CPU
		{5721E12B-8BA6-40DF-81CA-336E455B7D62}.Release|Any CPU.ActiveCfg = Release|Any CPU
		{5721E12B-8BA6-40DF-81CA-336E455B7D62}.Release|Any CPU.Build.0 = Release|Any CPU
		{EB07C231-6F4C-46B7-BEE4-E11C16386649}.Debug|Any CPU.ActiveCfg = Debug|Any CPU
		{EB07C231-6F4C-46B7-BEE4-E11C16386649}.Debug|Any CPU.Build.0 = Debug|Any CPU
		{EB07C231-6F4C-46B7-BEE4-E11C16386649}.Release|Any CPU.ActiveCfg = Release|Any CPU
		{EB07C231-6F4C-46B7-BEE4-E11C16386649}.Release|Any CPU.Build.0 = Release|Any CPU
		{97EE866D-6159-4AC6-99D9-9BB2AD6ED7C5}.Debug|Any CPU.ActiveCfg = Debug|Any CPU
		{97EE866D-6159-4AC6-99D9-9BB2AD6ED7C5}.Debug|Any CPU.Build.0 = Debug|Any CPU
		{97EE866D-6159-4AC6-99D9-9BB2AD6ED7C5}.Release|Any CPU.ActiveCfg = Release|Any CPU
		{97EE866D-6159-4AC6-99D9-9BB2AD6ED7C5}.Release|Any CPU.Build.0 = Release|Any CPU
		{0A61B001-1E3F-4809-B822-FEE46EED5E58}.Debug|Any CPU.ActiveCfg = Debug|Any CPU
		{0A61B001-1E3F-4809-B822-FEE46EED5E58}.Debug|Any CPU.Build.0 = Debug|Any CPU
		{0A61B001-1E3F-4809-B822-FEE46EED5E58}.Release|Any CPU.ActiveCfg = Release|Any CPU
		{0A61B001-1E3F-4809-B822-FEE46EED5E58}.Release|Any CPU.Build.0 = Release|Any CPU
		{FE7CB4B9-E98A-4F50-BA4B-52FB7230292D}.Debug|Any CPU.ActiveCfg = Debug|Any CPU
		{FE7CB4B9-E98A-4F50-BA4B-52FB7230292D}.Debug|Any CPU.Build.0 = Debug|Any CPU
		{FE7CB4B9-E98A-4F50-BA4B-52FB7230292D}.Release|Any CPU.ActiveCfg = Release|Any CPU
		{FE7CB4B9-E98A-4F50-BA4B-52FB7230292D}.Release|Any CPU.Build.0 = Release|Any CPU
		{AE9C43EE-2646-4A65-9881-DF2003BE6E2C}.Debug|Any CPU.ActiveCfg = Debug|Any CPU
		{AE9C43EE-2646-4A65-9881-DF2003BE6E2C}.Debug|Any CPU.Build.0 = Debug|Any CPU
		{AE9C43EE-2646-4A65-9881-DF2003BE6E2C}.Release|Any CPU.ActiveCfg = Release|Any CPU
		{AE9C43EE-2646-4A65-9881-DF2003BE6E2C}.Release|Any CPU.Build.0 = Release|Any CPU
		{F805FC01-3209-4E77-A6A6-91FEBAA2A40F}.Debug|Any CPU.ActiveCfg = Debug|Any CPU
		{F805FC01-3209-4E77-A6A6-91FEBAA2A40F}.Debug|Any CPU.Build.0 = Debug|Any CPU
		{F805FC01-3209-4E77-A6A6-91FEBAA2A40F}.Release|Any CPU.ActiveCfg = Release|Any CPU
		{F805FC01-3209-4E77-A6A6-91FEBAA2A40F}.Release|Any CPU.Build.0 = Release|Any CPU
		{62311573-BEF8-4816-8FE6-DC41B1A65E16}.Debug|Any CPU.ActiveCfg = Debug|Any CPU
		{62311573-BEF8-4816-8FE6-DC41B1A65E16}.Debug|Any CPU.Build.0 = Debug|Any CPU
		{62311573-BEF8-4816-8FE6-DC41B1A65E16}.Release|Any CPU.ActiveCfg = Release|Any CPU
		{62311573-BEF8-4816-8FE6-DC41B1A65E16}.Release|Any CPU.Build.0 = Release|Any CPU
		{DE6DE954-0C2D-45B4-BDBB-CE8BCE77E682}.Debug|Any CPU.ActiveCfg = Debug|Any CPU
		{DE6DE954-0C2D-45B4-BDBB-CE8BCE77E682}.Debug|Any CPU.Build.0 = Debug|Any CPU
		{DE6DE954-0C2D-45B4-BDBB-CE8BCE77E682}.Release|Any CPU.ActiveCfg = Release|Any CPU
		{DE6DE954-0C2D-45B4-BDBB-CE8BCE77E682}.Release|Any CPU.Build.0 = Release|Any CPU
		{0A9E57AA-E30F-4926-8E9A-AF5FBC81C51D}.Debug|Any CPU.ActiveCfg = Debug|Any CPU
		{0A9E57AA-E30F-4926-8E9A-AF5FBC81C51D}.Debug|Any CPU.Build.0 = Debug|Any CPU
		{0A9E57AA-E30F-4926-8E9A-AF5FBC81C51D}.Release|Any CPU.ActiveCfg = Release|Any CPU
		{0A9E57AA-E30F-4926-8E9A-AF5FBC81C51D}.Release|Any CPU.Build.0 = Release|Any CPU
	EndGlobalSection
	GlobalSection(SolutionProperties) = preSolution
		HideSolutionNode = FALSE
	EndGlobalSection
	GlobalSection(NestedProjects) = preSolution
		{72F669BE-D07C-46CE-98B7-BF12442BA2F4} = {262B76DB-4DC9-4CCD-BB3B-A369C5C5717C}
		{912680D2-0EFB-422D-A97E-A1DC15E817DC} = {262B76DB-4DC9-4CCD-BB3B-A369C5C5717C}
		{4A3786CF-0899-4900-BB52-55DE45F27138} = {6D3DFFF1-49D3-44E4-864C-285D0CAF9C84}
		{2DD9C12B-7385-4013-80CD-8EBE9257D95A} = {C28F32B3-33D4-4E4C-BC0C-84BB9EDD932C}
		{A9C6FC2F-482A-4570-AE0C-FBD266A7D2EF} = {C28F32B3-33D4-4E4C-BC0C-84BB9EDD932C}
		{A2585E20-26FC-4165-BB2B-C79C3CC75031} = {C28F32B3-33D4-4E4C-BC0C-84BB9EDD932C}
		{C5A72F2B-B192-4A04-94FC-60157FEF6D80} = {3D4C7D1A-23C1-4751-85EC-3FBB1ABC5763}
		{6B84038E-9121-4832-9AAA-D39E26A7D591} = {3D4C7D1A-23C1-4751-85EC-3FBB1ABC5763}
		{38F28B0D-38DA-4F77-A0C8-32E7F640B225} = {3D4C7D1A-23C1-4751-85EC-3FBB1ABC5763}
		{A1A29B1F-BB88-4D1F-919C-3FE4DAE43504} = {38394120-83D2-441D-8474-AF72CF6EA1E8}
		{5721E12B-8BA6-40DF-81CA-336E455B7D62} = {38394120-83D2-441D-8474-AF72CF6EA1E8}
		{EB07C231-6F4C-46B7-BEE4-E11C16386649} = {ABD2E3F4-58C8-4806-9436-EE96226B4B57}
		{97EE866D-6159-4AC6-99D9-9BB2AD6ED7C5} = {ABD2E3F4-58C8-4806-9436-EE96226B4B57}
		{0A61B001-1E3F-4809-B822-FEE46EED5E58} = {ABD2E3F4-58C8-4806-9436-EE96226B4B57}
		{FE7CB4B9-E98A-4F50-BA4B-52FB7230292D} = {ABD2E3F4-58C8-4806-9436-EE96226B4B57}
		{AE9C43EE-2646-4A65-9881-DF2003BE6E2C} = {ABD2E3F4-58C8-4806-9436-EE96226B4B57}
		{F805FC01-3209-4E77-A6A6-91FEBAA2A40F} = {FEF21117-3BB5-4BD8-BEF7-D22EF4F1CC71}
		{62311573-BEF8-4816-8FE6-DC41B1A65E16} = {FEF21117-3BB5-4BD8-BEF7-D22EF4F1CC71}
		{DE6DE954-0C2D-45B4-BDBB-CE8BCE77E682} = {FEF21117-3BB5-4BD8-BEF7-D22EF4F1CC71}
		{0A9E57AA-E30F-4926-8E9A-AF5FBC81C51D} = {FEF21117-3BB5-4BD8-BEF7-D22EF4F1CC71}
	EndGlobalSection
	GlobalSection(ExtensibilityGlobals) = postSolution
		SolutionGuid = {1F934B3E-3A97-4407-AC98-61818234C75D}
	EndGlobalSection
EndGlobal
